
Microsoft Visual Studio Solution File, Format Version 12.00
# Visual Studio Version 17
VisualStudioVersion = 17.14.36301.6
MinimumVisualStudioVersion = 10.0.40219.1
Project("{FAE04EC0-301F-11D3-BF4B-00C04F79EFBC}") = "FirstConsoleApp", "FirstConsoleApp\FirstConsoleApp.csproj", "{FEC22FB5-5544-40E8-B74C-9D713A811968}"
EndProject
Project("{FAE04EC0-301F-11D3-BF4B-00C04F79EFBC}") = "MEFInterfaces", "MEFInterfaces\MEFInterfaces.csproj", "{F6466652-8C2E-4A14-8318-162F797306CC}"
EndProject
Project("{FAE04EC0-301F-11D3-BF4B-00C04F79EFBC}") = "AccountOperationLibrary", "AccountOperationLibrary\AccountOperationLibrary.csproj", "{6BB3E2B9-2AEB-44C9-B8B1-03BC6974BE2B}"
EndProject
Project("{FAE04EC0-301F-11D3-BF4B-00C04F79EFBC}") = "ProductOperationLibrary", "ProductOperationLibrary\ProductOperationLibrary.csproj", "{FE281A99-0557-45BB-869D-EBC7E8419A41}"
EndProject
Global
	GlobalSection(SolutionConfigurationPlatforms) = preSolution
		Debug|Any CPU = Debug|Any CPU
		Release|Any CPU = Release|Any CPU
	EndGlobalSection
	GlobalSection(ProjectConfigurationPlatforms) = postSolution
		{FEC22FB5-5544-40E8-B74C-9D713A811968}.Debug|Any CPU.ActiveCfg = Debug|Any CPU
		{FEC22FB5-5544-40E8-B74C-9D713A811968}.Debug|Any CPU.Build.0 = Debug|Any CPU
		{FEC22FB5-5544-40E8-B74C-9D713A811968}.Release|Any CPU.ActiveCfg = Release|Any CPU
		{FEC22FB5-5544-40E8-B74C-9D713A811968}.Release|Any CPU.Build.0 = Release|Any CPU
		{F6466652-8C2E-4A14-8318-162F797306CC}.Debug|Any CPU.ActiveCfg = Debug|Any CPU
		{F6466652-8C2E-4A14-8318-162F797306CC}.Debug|Any CPU.Build.0 = Debug|Any CPU
		{F6466652-8C2E-4A14-8318-162F797306CC}.Release|Any CPU.ActiveCfg = Release|Any CPU
		{F6466652-8C2E-4A14-8318-162F797306CC}.Release|Any CPU.Build.0 = Release|Any CPU
		{6BB3E2B9-2AEB-44C9-B8B1-03BC6974BE2B}.Debug|Any CPU.ActiveCfg = Debug|Any CPU
		{6BB3E2B9-2AEB-44C9-B8B1-03BC6974BE2B}.Debug|Any CPU.Build.0 = Debug|Any CPU
		{6BB3E2B9-2AEB-44C9-B8B1-03BC6974BE2B}.Release|Any CPU.ActiveCfg = Release|Any CPU
		{6BB3E2B9-2AEB-44C9-B8B1-03BC6974BE2B}.Release|Any CPU.Build.0 = Release|Any CPU
		{FE281A99-0557-45BB-869D-EBC7E8419A41}.Debug|Any CPU.ActiveCfg = Debug|Any CPU
		{FE281A99-0557-45BB-869D-EBC7E8419A41}.Debug|Any CPU.Build.0 = Debug|Any CPU
		{FE281A99-0557-45BB-869D-EBC7E8419A41}.Release|Any CPU.ActiveCfg = Release|Any CPU
		{FE281A99-0557-45BB-869D-EBC7E8419A41}.Release|Any CPU.Build.0 = Release|Any CPU
	EndGlobalSection
	GlobalSection(SolutionProperties) = preSolution
		HideSolutionNode = FALSE
	EndGlobalSection
	GlobalSection(ExtensibilityGlobals) = postSolution
		SolutionGuid = {11CAB781-91B3-482D-9834-C8D72E7838CF}
	EndGlobalSection
EndGlobal
